
Microsoft Visual Studio Solution File, Format Version 12.00
# Visual Studio 14
VisualStudioVersion = 14.0.25420.1
MinimumVisualStudioVersion = 10.0.40219.1
Project("{FAE04EC0-301F-11D3-BF4B-00C04F79EFBC}") = "Facade_Patterns", "Design_Patterns\Facade_Patterns.csproj", "{1C4E6606-D2C4-4021-B60C-F694B3B975F4}"
EndProject
Project("{FAE04EC0-301F-11D3-BF4B-00C04F79EFBC}") = "WeatherServices", "Design_Patterns\Facade\Problem\WeatherServices\WeatherServices.csproj", "{DB213935-5D56-43F4-B672-8D69E3FB55D6}"
EndProject
Project("{FAE04EC0-301F-11D3-BF4B-00C04F79EFBC}") = "Factory_Pattern", "Factory_Pattern\Factory_Pattern.csproj", "{E03C98D3-2244-4502-8E7F-3D5122F47FB1}"
EndProject
Project("{FAE04EC0-301F-11D3-BF4B-00C04F79EFBC}") = "Abstract_Factory_Pattern", "Abstract_Factory_Pattern\Abstract_Factory_Pattern.csproj", "{FEAF62DD-46EA-410C-A997-F19CF5A95711}"
EndProject
Project("{FAE04EC0-301F-11D3-BF4B-00C04F79EFBC}") = "Strategy_Pattern", "Strategy_Pattern\Strategy_Pattern.csproj", "{58CBA6FC-09C8-4185-BA0A-1BCB5257E764}"
EndProject
Project("{FAE04EC0-301F-11D3-BF4B-00C04F79EFBC}") = "Decorator_Pattern", "Decorator_Pattern\Decorator_Pattern.csproj", "{40A00E75-C1F8-45E1-9325-EC53974CB67A}"
EndProject
Global
	GlobalSection(SolutionConfigurationPlatforms) = preSolution
		Debug|Any CPU = Debug|Any CPU
		Release|Any CPU = Release|Any CPU
	EndGlobalSection
	GlobalSection(ProjectConfigurationPlatforms) = postSolution
		{1C4E6606-D2C4-4021-B60C-F694B3B975F4}.Debug|Any CPU.ActiveCfg = Debug|Any CPU
		{1C4E6606-D2C4-4021-B60C-F694B3B975F4}.Debug|Any CPU.Build.0 = Debug|Any CPU
		{1C4E6606-D2C4-4021-B60C-F694B3B975F4}.Release|Any CPU.ActiveCfg = Release|Any CPU
		{1C4E6606-D2C4-4021-B60C-F694B3B975F4}.Release|Any CPU.Build.0 = Release|Any CPU
		{DB213935-5D56-43F4-B672-8D69E3FB55D6}.Debug|Any CPU.ActiveCfg = Debug|Any CPU
		{DB213935-5D56-43F4-B672-8D69E3FB55D6}.Debug|Any CPU.Build.0 = Debug|Any CPU
		{DB213935-5D56-43F4-B672-8D69E3FB55D6}.Release|Any CPU.ActiveCfg = Release|Any CPU
		{DB213935-5D56-43F4-B672-8D69E3FB55D6}.Release|Any CPU.Build.0 = Release|Any CPU
		{E03C98D3-2244-4502-8E7F-3D5122F47FB1}.Debug|Any CPU.ActiveCfg = Debug|Any CPU
		{E03C98D3-2244-4502-8E7F-3D5122F47FB1}.Debug|Any CPU.Build.0 = Debug|Any CPU
		{E03C98D3-2244-4502-8E7F-3D5122F47FB1}.Release|Any CPU.ActiveCfg = Release|Any CPU
		{E03C98D3-2244-4502-8E7F-3D5122F47FB1}.Release|Any CPU.Build.0 = Release|Any CPU
		{FEAF62DD-46EA-410C-A997-F19CF5A95711}.Debug|Any CPU.ActiveCfg = Debug|Any CPU
		{FEAF62DD-46EA-410C-A997-F19CF5A95711}.Debug|Any CPU.Build.0 = Debug|Any CPU
		{FEAF62DD-46EA-410C-A997-F19CF5A95711}.Release|Any CPU.ActiveCfg = Release|Any CPU
		{FEAF62DD-46EA-410C-A997-F19CF5A95711}.Release|Any CPU.Build.0 = Release|Any CPU
		{58CBA6FC-09C8-4185-BA0A-1BCB5257E764}.Debug|Any CPU.ActiveCfg = Debug|Any CPU
		{58CBA6FC-09C8-4185-BA0A-1BCB5257E764}.Debug|Any CPU.Build.0 = Debug|Any CPU
		{58CBA6FC-09C8-4185-BA0A-1BCB5257E764}.Release|Any CPU.ActiveCfg = Release|Any CPU
		{58CBA6FC-09C8-4185-BA0A-1BCB5257E764}.Release|Any CPU.Build.0 = Release|Any CPU
		{40A00E75-C1F8-45E1-9325-EC53974CB67A}.Debug|Any CPU.ActiveCfg = Debug|Any CPU
		{40A00E75-C1F8-45E1-9325-EC53974CB67A}.Debug|Any CPU.Build.0 = Debug|Any CPU
		{40A00E75-C1F8-45E1-9325-EC53974CB67A}.Release|Any CPU.ActiveCfg = Release|Any CPU
		{40A00E75-C1F8-45E1-9325-EC53974CB67A}.Release|Any CPU.Build.0 = Release|Any CPU
	EndGlobalSection
	GlobalSection(SolutionProperties) = preSolution
		HideSolutionNode = FALSE
	EndGlobalSection
EndGlobal
